// !$*UTF8*$!
{
	archiveVersion = 1;
	classes = {
	};
	objectVersion = 52;
	objects = {

/* Begin PBXBuildFile section */
		CECB522D2567AA6A004F6F38 /* AppDelegate.swift in Sources */ = {isa = PBXBuildFile; fileRef = CECB522C2567AA6A004F6F38 /* AppDelegate.swift */; };
		CECB522F2567AA6A004F6F38 /* SceneDelegate.swift in Sources */ = {isa = PBXBuildFile; fileRef = CECB522E2567AA6A004F6F38 /* SceneDelegate.swift */; };
		CECB52312567AA6A004F6F38 /* ViewController.swift in Sources */ = {isa = PBXBuildFile; fileRef = CECB52302567AA6A004F6F38 /* ViewController.swift */; };
		CECB52342567AA6A004F6F38 /* Main.storyboard in Resources */ = {isa = PBXBuildFile; fileRef = CECB52322567AA6A004F6F38 /* Main.storyboard */; };
		CECB52362567AA70004F6F38 /* Assets.xcassets in Resources */ = {isa = PBXBuildFile; fileRef = CECB52352567AA70004F6F38 /* Assets.xcassets */; };
		CECB52392567AA70004F6F38 /* LaunchScreen.storyboard in Resources */ = {isa = PBXBuildFile; fileRef = CECB52372567AA70004F6F38 /* LaunchScreen.storyboard */; };
		CECB5294256FDEA3004F6F38 /* TempTableViewCell.swift in Sources */ = {isa = PBXBuildFile; fileRef = CECB5293256FDEA3004F6F38 /* TempTableViewCell.swift */; };
		CECB5298256FE205004F6F38 /* Alamofire in Frameworks */ = {isa = PBXBuildFile; productRef = CECB5297256FE205004F6F38 /* Alamofire */; };
		CECB529C256FE3C2004F6F38 /* SwiftyJSON in Frameworks */ = {isa = PBXBuildFile; productRef = CECB529B256FE3C2004F6F38 /* SwiftyJSON */; };
/* End PBXBuildFile section */

/* Begin PBXFileReference section */
		CECB52292567AA6A004F6F38 /* PracticaWeather.app */ = {isa = PBXFileReference; explicitFileType = wrapper.application; includeInIndex = 0; path = PracticaWeather.app; sourceTree = BUILT_PRODUCTS_DIR; };
		CECB522C2567AA6A004F6F38 /* AppDelegate.swift */ = {isa = PBXFileReference; lastKnownFileType = sourcecode.swift; path = AppDelegate.swift; sourceTree = "<group>"; };
		CECB522E2567AA6A004F6F38 /* SceneDelegate.swift */ = {isa = PBXFileReference; lastKnownFileType = sourcecode.swift; path = SceneDelegate.swift; sourceTree = "<group>"; };
		CECB52302567AA6A004F6F38 /* ViewController.swift */ = {isa = PBXFileReference; lastKnownFileType = sourcecode.swift; path = ViewController.swift; sourceTree = "<group>"; };
		CECB52332567AA6A004F6F38 /* Base */ = {isa = PBXFileReference; lastKnownFileType = file.storyboard; name = Base; path = Base.lproj/Main.storyboard; sourceTree = "<group>"; };
		CECB52352567AA70004F6F38 /* Assets.xcassets */ = {isa = PBXFileReference; lastKnownFileType = folder.assetcatalog; path = Assets.xcassets; sourceTree = "<group>"; };
		CECB52382567AA70004F6F38 /* Base */ = {isa = PBXFileReference; lastKnownFileType = file.storyboard; name = Base; path = Base.lproj/LaunchScreen.storyboard; sourceTree = "<group>"; };
		CECB523A2567AA70004F6F38 /* Info.plist */ = {isa = PBXFileReference; lastKnownFileType = text.plist.xml; path = Info.plist; sourceTree = "<group>"; };
		CECB5293256FDEA3004F6F38 /* TempTableViewCell.swift */ = {isa = PBXFileReference; lastKnownFileType = sourcecode.swift; path = TempTableViewCell.swift; sourceTree = "<group>"; };
/* End PBXFileReference section */

/* Begin PBXFrameworksBuildPhase section */
		CECB52262567AA6A004F6F38 /* Frameworks */ = {
			isa = PBXFrameworksBuildPhase;
			buildActionMask = 2147483647;
			files = (
				CECB529C256FE3C2004F6F38 /* SwiftyJSON in Frameworks */,
				CECB5298256FE205004F6F38 /* Alamofire in Frameworks */,
			);
			runOnlyForDeploymentPostprocessing = 0;
		};
/* End PBXFrameworksBuildPhase section */

/* Begin PBXGroup section */
		CECB52202567AA6A004F6F38 = {
			isa = PBXGroup;
			children = (
				CECB522B2567AA6A004F6F38 /* PracticaWeather */,
				CECB522A2567AA6A004F6F38 /* Products */,
			);
			sourceTree = "<group>";
		};
		CECB522A2567AA6A004F6F38 /* Products */ = {
			isa = PBXGroup;
			children = (
				CECB52292567AA6A004F6F38 /* PracticaWeather.app */,
			);
			name = Products;
			sourceTree = "<group>";
		};
		CECB522B2567AA6A004F6F38 /* PracticaWeather */ = {
			isa = PBXGroup;
			children = (
				CECB522C2567AA6A004F6F38 /* AppDelegate.swift */,
				CECB522E2567AA6A004F6F38 /* SceneDelegate.swift */,
				CECB52302567AA6A004F6F38 /* ViewController.swift */,
				CECB52322567AA6A004F6F38 /* Main.storyboard */,
				CECB5293256FDEA3004F6F38 /* TempTableViewCell.swift */,
				CECB52352567AA70004F6F38 /* Assets.xcassets */,
				CECB52372567AA70004F6F38 /* LaunchScreen.storyboard */,
				CECB523A2567AA70004F6F38 /* Info.plist */,
			);
			path = PracticaWeather;
			sourceTree = "<group>";
		};
/* End PBXGroup section */

/* Begin PBXNativeTarget section */
		CECB52282567AA6A004F6F38 /* PracticaWeather */ = {
			isa = PBXNativeTarget;
			buildConfigurationList = CECB523D2567AA70004F6F38 /* Build configuration list for PBXNativeTarget "PracticaWeather" */;
			buildPhases = (
				CECB52252567AA6A004F6F38 /* Sources */,
				CECB52262567AA6A004F6F38 /* Frameworks */,
				CECB52272567AA6A004F6F38 /* Resources */,
			);
			buildRules = (
			);
			dependencies = (
			);
			name = PracticaWeather;
			packageProductDependencies = (
				CECB5297256FE205004F6F38 /* Alamofire */,
				CECB529B256FE3C2004F6F38 /* SwiftyJSON */,
			);
			productName = PracticaWeather;
			productReference = CECB52292567AA6A004F6F38 /* PracticaWeather.app */;
			productType = "com.apple.product-type.application";
		};
/* End PBXNativeTarget section */

/* Begin PBXProject section */
		CECB52212567AA6A004F6F38 /* Project object */ = {
			isa = PBXProject;
			attributes = {
				LastSwiftUpdateCheck = 1210;
				LastUpgradeCheck = 1210;
				TargetAttributes = {
					CECB52282567AA6A004F6F38 = {
						CreatedOnToolsVersion = 12.1;
					};
				};
			};
			buildConfigurationList = CECB52242567AA6A004F6F38 /* Build configuration list for PBXProject "PracticaWeather" */;
			compatibilityVersion = "Xcode 9.3";
			developmentRegion = en;
			hasScannedForEncodings = 0;
			knownRegions = (
				en,
				Base,
			);
			mainGroup = CECB52202567AA6A004F6F38;
			packageReferences = (
				CECB5296256FE205004F6F38 /* XCRemoteSwiftPackageReference "Alamofire" */,
				CECB529A256FE3C2004F6F38 /* XCRemoteSwiftPackageReference "SwiftyJSON" */,
			);
			productRefGroup = CECB522A2567AA6A004F6F38 /* Products */;
			projectDirPath = "";
			projectRoot = "";
			targets = (
				CECB52282567AA6A004F6F38 /* PracticaWeather */,
			);
		};
/* End PBXProject section */

/* Begin PBXResourcesBuildPhase section */
		CECB52272567AA6A004F6F38 /* Resources */ = {
			isa = PBXResourcesBuildPhase;
			buildActionMask = 2147483647;
			files = (
				CECB52392567AA70004F6F38 /* LaunchScreen.storyboard in Resources */,
				CECB52362567AA70004F6F38 /* Assets.xcassets in Resources */,
				CECB52342567AA6A004F6F38 /* Main.storyboard in Resources */,
			);
			runOnlyForDeploymentPostprocessing = 0;
		};
/* End PBXResourcesBuildPhase section */

/* Begin PBXSourcesBuildPhase section */
		CECB52252567AA6A004F6F38 /* Sources */ = {
			isa = PBXSourcesBuildPhase;
			buildActionMask = 2147483647;
			files = (
				CECB52312567AA6A004F6F38 /* ViewController.swift in Sources */,
				CECB522D2567AA6A004F6F38 /* AppDelegate.swift in Sources */,
				CECB522F2567AA6A004F6F38 /* SceneDelegate.swift in Sources */,
				CECB5294256FDEA3004F6F38 /* TempTableViewCell.swift in Sources */,
			);
			runOnlyForDeploymentPostprocessing = 0;
		};
/* End PBXSourcesBuildPhase section */

/* Begin PBXVariantGroup section */
		CECB52322567AA6A004F6F38 /* Main.storyboard */ = {
			isa = PBXVariantGroup;
			children = (
				CECB52332567AA6A004F6F38 /* Base */,
			);
			name = Main.storyboard;
			sourceTree = "<group>";
		};
		CECB52372567AA70004F6F38 /* LaunchScreen.storyboard */ = {
			isa = PBXVariantGroup;
			children = (
				CECB52382567AA70004F6F38 /* Base */,
			);
			name = LaunchScreen.storyboard;
			sourceTree = "<group>";
		};
/* End PBXVariantGroup section */

/* Begin XCBuildConfiguration section */
		CECB523B2567AA70004F6F38 /* Debug */ = {
			isa = XCBuildConfiguration;
			buildSettings = {
				ALWAYS_SEARCH_USER_PATHS = NO;
				CLANG_ANALYZER_NONNULL = YES;
				CLANG_ANALYZER_NUMBER_OBJECT_CONVERSION = YES_AGGRESSIVE;
				CLANG_CXX_LANGUAGE_STANDARD = "gnu++14";
				CLANG_CXX_LIBRARY = "libc++";
				CLANG_ENABLE_MODULES = YES;
				CLANG_ENABLE_OBJC_ARC = YES;
				CLANG_ENABLE_OBJC_WEAK = YES;
				CLANG_WARN_BLOCK_CAPTURE_AUTORELEASING = YES;
				CLANG_WARN_BOOL_CONVERSION = YES;
				CLANG_WARN_COMMA = YES;
				CLANG_WARN_CONSTANT_CONVERSION = YES;
				CLANG_WARN_DEPRECATED_OBJC_IMPLEMENTATIONS = YES;
				CLANG_WARN_DIRECT_OBJC_ISA_USAGE = YES_ERROR;
				CLANG_WARN_DOCUMENTATION_COMMENTS = YES;
				CLANG_WARN_EMPTY_BODY = YES;
				CLANG_WARN_ENUM_CONVERSION = YES;
				CLANG_WARN_INFINITE_RECURSION = YES;
				CLANG_WARN_INT_CONVERSION = YES;
				CLANG_WARN_NON_LITERAL_NULL_CONVERSION = YES;
				CLANG_WARN_OBJC_IMPLICIT_RETAIN_SELF = YES;
				CLANG_WARN_OBJC_LITERAL_CONVERSION = YES;
				CLANG_WARN_OBJC_ROOT_CLASS = YES_ERROR;
				CLANG_WARN_QUOTED_INCLUDE_IN_FRAMEWORK_HEADER = YES;
				CLANG_WARN_RANGE_LOOP_ANALYSIS = YES;
				CLANG_WARN_STRICT_PROTOTYPES = YES;
				CLANG_WARN_SUSPICIOUS_MOVE = YES;
				CLANG_WARN_UNGUARDED_AVAILABILITY = YES_AGGRESSIVE;
				CLANG_WARN_UNREACHABLE_CODE = YES;
				CLANG_WARN__DUPLICATE_METHOD_MATCH = YES;
				COPY_PHASE_STRIP = NO;
				DEBUG_INFORMATION_FORMAT = dwarf;
				ENABLE_STRICT_OBJC_MSGSEND = YES;
				ENABLE_TESTABILITY = YES;
				GCC_C_LANGUAGE_STANDARD = gnu11;
				GCC_DYNAMIC_NO_PIC = NO;
				GCC_NO_COMMON_BLOCKS = YES;
				GCC_OPTIMIZATION_LEVEL = 0;
				GCC_PREPROCESSOR_DEFINITIONS = (
					"DEBUG=1",
					"$(inherited)",
				);
				GCC_WARN_64_TO_32_BIT_CONVERSION = YES;
				GCC_WARN_ABOUT_RETURN_TYPE = YES_ERROR;
				GCC_WARN_UNDECLARED_SELECTOR = YES;
				GCC_WARN_UNINITIALIZED_AUTOS = YES_AGGRESSIVE;
				GCC_WARN_UNUSED_FUNCTION = YES;
				GCC_WARN_UNUSED_VARIABLE = YES;
				IPHONEOS_DEPLOYMENT_TARGET = 14.1;
				MTL_ENABLE_DEBUG_INFO = INCLUDE_SOURCE;
				MTL_FAST_MATH = YES;
				ONLY_ACTIVE_ARCH = YES;
				SDKROOT = iphoneos;
				SWIFT_ACTIVE_COMPILATION_CONDITIONS = DEBUG;
				SWIFT_OPTIMIZATION_LEVEL = "-Onone";
			};
			name = Debug;
		};
		CECB523C2567AA70004F6F38 /* Release */ = {
			isa = XCBuildConfiguration;
			buildSettings = {
				ALWAYS_SEARCH_USER_PATHS = NO;
				CLANG_ANALYZER_NONNULL = YES;
				CLANG_ANALYZER_NUMBER_OBJECT_CONVERSION = YES_AGGRESSIVE;
				CLANG_CXX_LANGUAGE_STANDARD = "gnu++14";
				CLANG_CXX_LIBRARY = "libc++";
				CLANG_ENABLE_MODULES = YES;
				CLANG_ENABLE_OBJC_ARC = YES;
				CLANG_ENABLE_OBJC_WEAK = YES;
				CLANG_WARN_BLOCK_CAPTURE_AUTORELEASING = YES;
				CLANG_WARN_BOOL_CONVERSION = YES;
				CLANG_WARN_COMMA = YES;
				CLANG_WARN_CONSTANT_CONVERSION = YES;
				CLANG_WARN_DEPRECATED_OBJC_IMPLEMENTATIONS = YES;
				CLANG_WARN_DIRECT_OBJC_ISA_USAGE = YES_ERROR;
				CLANG_WARN_DOCUMENTATION_COMMENTS = YES;
				CLANG_WARN_EMPTY_BODY = YES;
				CLANG_WARN_ENUM_CONVERSION = YES;
				CLANG_WARN_INFINITE_RECURSION = YES;
				CLANG_WARN_INT_CONVERSION = YES;
				CLANG_WARN_NON_LITERAL_NULL_CONVERSION = YES;
				CLANG_WARN_OBJC_IMPLICIT_RETAIN_SELF = YES;
				CLANG_WARN_OBJC_LITERAL_CONVERSION = YES;
				CLANG_WARN_OBJC_ROOT_CLASS = YES_ERROR;
				CLANG_WARN_QUOTED_INCLUDE_IN_FRAMEWORK_HEADER = YES;
				CLANG_WARN_RANGE_LOOP_ANALYSIS = YES;
				CLANG_WARN_STRICT_PROTOTYPES = YES;
				CLANG_WARN_SUSPICIOUS_MOVE = YES;
				CLANG_WARN_UNGUARDED_AVAILABILITY = YES_AGGRESSIVE;
				CLANG_WARN_UNREACHABLE_CODE = YES;
				CLANG_WARN__DUPLICATE_METHOD_MATCH = YES;
				COPY_PHASE_STRIP = NO;
				DEBUG_INFORMATION_FORMAT = "dwarf-with-dsym";
				ENABLE_NS_ASSERTIONS = NO;
				ENABLE_STRICT_OBJC_MSGSEND = YES;
				GCC_C_LANGUAGE_STANDARD = gnu11;
				GCC_NO_COMMON_BLOCKS = YES;
				GCC_WARN_64_TO_32_BIT_CONVERSION = YES;
				GCC_WARN_ABOUT_RETURN_TYPE = YES_ERROR;
				GCC_WARN_UNDECLARED_SELECTOR = YES;
				GCC_WARN_UNINITIALIZED_AUTOS = YES_AGGRESSIVE;
				GCC_WARN_UNUSED_FUNCTION = YES;
				GCC_WARN_UNUSED_VARIABLE = YES;
				IPHONEOS_DEPLOYMENT_TARGET = 14.1;
				MTL_ENABLE_DEBUG_INFO = NO;
				MTL_FAST_MATH = YES;
				SDKROOT = iphoneos;
				SWIFT_COMPILATION_MODE = wholemodule;
				SWIFT_OPTIMIZATION_LEVEL = "-O";
				VALIDATE_PRODUCT = YES;
			};
			name = Release;
		};
		CECB523E2567AA70004F6F38 /* Debug */ = {
			isa = XCBuildConfiguration;
			buildSettings = {
				ASSETCATALOG_COMPILER_APPICON_NAME = AppIcon;
				ASSETCATALOG_COMPILER_GLOBAL_ACCENT_COLOR_NAME = AccentColor;
				CODE_SIGN_STYLE = Automatic;
				INFOPLIST_FILE = PracticaWeather/Info.plist;
				LD_RUNPATH_SEARCH_PATHS = (
					"$(inherited)",
					"@executable_path/Frameworks",
				);
				PRODUCT_BUNDLE_IDENTIFIER = Rabota2.PracticaWeather;
				PRODUCT_NAME = "$(TARGET_NAME)";
				SWIFT_VERSION = 5.0;
				TARGETED_DEVICE_FAMILY = "1,2";
			};
			name = Debug;
		};
		CECB523F2567AA70004F6F38 /* Release */ = {
			isa = XCBuildConfiguration;
			buildSettings = {
				ASSETCATALOG_COMPILER_APPICON_NAME = AppIcon;
				ASSETCATALOG_COMPILER_GLOBAL_ACCENT_COLOR_NAME = AccentColor;
				CODE_SIGN_STYLE = Automatic;
				INFOPLIST_FILE = PracticaWeather/Info.plist;
				LD_RUNPATH_SEARCH_PATHS = (
					"$(inherited)",
					"@executable_path/Frameworks",
				);
				PRODUCT_BUNDLE_IDENTIFIER = Rabota2.PracticaWeather;
				PRODUCT_NAME = "$(TARGET_NAME)";
				SWIFT_VERSION = 5.0;
				TARGETED_DEVICE_FAMILY = "1,2";
			};
			name = Release;
		};
/* End XCBuildConfiguration section */

/* Begin XCConfigurationList section */
		CECB52242567AA6A004F6F38 /* Build configuration list for PBXProject "PracticaWeather" */ = {
			isa = XCConfigurationList;
			buildConfigurations = (
				CECB523B2567AA70004F6F38 /* Debug */,
				CECB523C2567AA70004F6F38 /* Release */,
			);
			defaultConfigurationIsVisible = 0;
			defaultConfigurationName = Release;
		};
		CECB523D2567AA70004F6F38 /* Build configuration list for PBXNativeTarget "PracticaWeather" */ = {
			isa = XCConfigurationList;
			buildConfigurations = (
				CECB523E2567AA70004F6F38 /* Debug */,
				CECB523F2567AA70004F6F38 /* Release */,
			);
			defaultConfigurationIsVisible = 0;
			defaultConfigurationName = Release;
		};
/* End XCConfigurationList section */

/* Begin XCRemoteSwiftPackageReference section */
		CECB5296256FE205004F6F38 /* XCRemoteSwiftPackageReference "Alamofire" */ = {
			isa = XCRemoteSwiftPackageReference;
			repositoryURL = "https://github.com/Alamofire/Alamofire.git";
			requirement = {
				kind = upToNextMajorVersion;
				minimumVersion = 5.4.0;
			};
		};
		CECB529A256FE3C2004F6F38 /* XCRemoteSwiftPackageReference "SwiftyJSON" */ = {
			isa = XCRemoteSwiftPackageReference;
			repositoryURL = "https://github.com/SwiftyJSON/SwiftyJSON.git";
			requirement = {
				kind = upToNextMajorVersion;
				minimumVersion = 5.0.0;
			};
		};
/* End XCRemoteSwiftPackageReference section */

/* Begin XCSwiftPackageProductDependency section */
		CECB5297256FE205004F6F38 /* Alamofire */ = {
			isa = XCSwiftPackageProductDependency;
			package = CECB5296256FE205004F6F38 /* XCRemoteSwiftPackageReference "Alamofire" */;
			productName = Alamofire;
		};
		CECB529B256FE3C2004F6F38 /* SwiftyJSON */ = {
			isa = XCSwiftPackageProductDependency;
			package = CECB529A256FE3C2004F6F38 /* XCRemoteSwiftPackageReference "SwiftyJSON" */;
			productName = SwiftyJSON;
		};
/* End XCSwiftPackageProductDependency section */
	};
	rootObject = CECB52212567AA6A004F6F38 /* Project object */;
}
